// !$*UTF8*$!
{
	archiveVersion = 1;
	classes = {
	};
	objectVersion = 50;
	objects = {

/* Begin PBXBuildFile section */
		17C18BC02141776200C830EA /* AppDelegate.swift in Sources */ = {isa = PBXBuildFile; fileRef = 17C18BBF2141776200C830EA /* AppDelegate.swift */; };
		17C18BC22141776200C830EA /* FirstViewController.swift in Sources */ = {isa = PBXBuildFile; fileRef = 17C18BC12141776200C830EA /* FirstViewController.swift */; };
		17C18BC52141776200C830EA /* Main.storyboard in Resources */ = {isa = PBXBuildFile; fileRef = 17C18BC32141776200C830EA /* Main.storyboard */; };
		17C18BC72141776400C830EA /* Assets.xcassets in Resources */ = {isa = PBXBuildFile; fileRef = 17C18BC62141776400C830EA /* Assets.xcassets */; };
		17C18BCA2141776400C830EA /* LaunchScreen.storyboard in Resources */ = {isa = PBXBuildFile; fileRef = 17C18BC82141776400C830EA /* LaunchScreen.storyboard */; };
		17C18C1D2142A19F00C830EA /* DataModel.xcdatamodeld in Sources */ = {isa = PBXBuildFile; fileRef = 17C18C1B2142A19F00C830EA /* DataModel.xcdatamodeld */; };
/* End PBXBuildFile section */

/* Begin PBXFileReference section */
		17C18BBC2141776200C830EA /* Persist Data Techniques Todoey.app */ = {isa = PBXFileReference; explicitFileType = wrapper.application; includeInIndex = 0; path = "Persist Data Techniques Todoey.app"; sourceTree = BUILT_PRODUCTS_DIR; };
		17C18BBF2141776200C830EA /* AppDelegate.swift */ = {isa = PBXFileReference; lastKnownFileType = sourcecode.swift; path = AppDelegate.swift; sourceTree = "<group>"; };
		17C18BC12141776200C830EA /* FirstViewController.swift */ = {isa = PBXFileReference; lastKnownFileType = sourcecode.swift; path = FirstViewController.swift; sourceTree = "<group>"; };
		17C18BC42141776200C830EA /* Base */ = {isa = PBXFileReference; lastKnownFileType = file.storyboard; name = Base; path = Base.lproj/Main.storyboard; sourceTree = "<group>"; };
		17C18BC62141776400C830EA /* Assets.xcassets */ = {isa = PBXFileReference; lastKnownFileType = folder.assetcatalog; path = Assets.xcassets; sourceTree = "<group>"; };
		17C18BC92141776400C830EA /* Base */ = {isa = PBXFileReference; lastKnownFileType = file.storyboard; name = Base; path = Base.lproj/LaunchScreen.storyboard; sourceTree = "<group>"; };
		17C18BCB2141776400C830EA /* Info.plist */ = {isa = PBXFileReference; lastKnownFileType = text.plist.xml; path = Info.plist; sourceTree = "<group>"; };
		17C18C1C2142A19F00C830EA /* DataModel.xcdatamodel */ = {isa = PBXFileReference; lastKnownFileType = wrapper.xcdatamodel; path = DataModel.xcdatamodel; sourceTree = "<group>"; };
/* End PBXFileReference section */

/* Begin PBXFrameworksBuildPhase section */
		17C18BB92141776200C830EA /* Frameworks */ = {
			isa = PBXFrameworksBuildPhase;
			buildActionMask = 2147483647;
			files = (
			);
			runOnlyForDeploymentPostprocessing = 0;
		};
/* End PBXFrameworksBuildPhase section */

/* Begin PBXGroup section */
		17C18BB32141776200C830EA = {
			isa = PBXGroup;
			children = (
				17C18BBE2141776200C830EA /* Persist Data Techniques Todoey */,
				17C18BBD2141776200C830EA /* Products */,
			);
			sourceTree = "<group>";
		};
		17C18BBD2141776200C830EA /* Products */ = {
			isa = PBXGroup;
			children = (
				17C18BBC2141776200C830EA /* Persist Data Techniques Todoey.app */,
			);
			name = Products;
			sourceTree = "<group>";
		};
		17C18BBE2141776200C830EA /* Persist Data Techniques Todoey */ = {
			isa = PBXGroup;
			children = (
				17C18BD1214253BF00C830EA /* View Controller */,
				17C18BD2214253D300C830EA /* Views */,
				17C18BD3214253E500C830EA /* Supporting Files */,
				17C18BCB2141776400C830EA /* Info.plist */,
				17C18BD62142543400C830EA /* Model */,
			);
			path = "Persist Data Techniques Todoey";
			sourceTree = "<group>";
		};
		17C18BD1214253BF00C830EA /* View Controller */ = {
			isa = PBXGroup;
			children = (
				17C18BBF2141776200C830EA /* AppDelegate.swift */,
				17C18BC12141776200C830EA /* FirstViewController.swift */,
			);
			path = "View Controller";
			sourceTree = "<group>";
		};
		17C18BD2214253D300C830EA /* Views */ = {
			isa = PBXGroup;
			children = (
				17C18BC32141776200C830EA /* Main.storyboard */,
			);
			path = Views;
			sourceTree = "<group>";
		};
		17C18BD3214253E500C830EA /* Supporting Files */ = {
			isa = PBXGroup;
			children = (
				17C18BC62141776400C830EA /* Assets.xcassets */,
				17C18BC82141776400C830EA /* LaunchScreen.storyboard */,
			);
			path = "Supporting Files";
			sourceTree = "<group>";
		};
		17C18BD62142543400C830EA /* Model */ = {
			isa = PBXGroup;
			children = (
				17C18C1B2142A19F00C830EA /* DataModel.xcdatamodeld */,
			);
			path = Model;
			sourceTree = "<group>";
		};
/* End PBXGroup section */

/* Begin PBXNativeTarget section */
		17C18BBB2141776200C830EA /* Persist Data Techniques Todoey */ = {
			isa = PBXNativeTarget;
			buildConfigurationList = 17C18BCE2141776400C830EA /* Build configuration list for PBXNativeTarget "Persist Data Techniques Todoey" */;
			buildPhases = (
				17C18BB82141776200C830EA /* Sources */,
				17C18BB92141776200C830EA /* Frameworks */,
				17C18BBA2141776200C830EA /* Resources */,
			);
			buildRules = (
			);
			dependencies = (
			);
			name = "Persist Data Techniques Todoey";
			productName = "Persist Data Techniques Todoey";
			productReference = 17C18BBC2141776200C830EA /* Persist Data Techniques Todoey.app */;
			productType = "com.apple.product-type.application";
		};
/* End PBXNativeTarget section */

/* Begin PBXProject section */
		17C18BB42141776200C830EA /* Project object */ = {
			isa = PBXProject;
			attributes = {
				LastSwiftUpdateCheck = 0940;
				LastUpgradeCheck = 0940;
				ORGANIZATIONNAME = "Ajinkya Sonar";
				TargetAttributes = {
					17C18BBB2141776200C830EA = {
						CreatedOnToolsVersion = 9.4.1;
					};
				};
			};
			buildConfigurationList = 17C18BB72141776200C830EA /* Build configuration list for PBXProject "Persist Data Techniques Todoey" */;
			compatibilityVersion = "Xcode 9.3";
			developmentRegion = en;
			hasScannedForEncodings = 0;
			knownRegions = (
				en,
				Base,
			);
			mainGroup = 17C18BB32141776200C830EA;
			productRefGroup = 17C18BBD2141776200C830EA /* Products */;
			projectDirPath = "";
			projectRoot = "";
			targets = (
				17C18BBB2141776200C830EA /* Persist Data Techniques Todoey */,
			);
		};
/* End PBXProject section */

/* Begin PBXResourcesBuildPhase section */
		17C18BBA2141776200C830EA /* Resources */ = {
			isa = PBXResourcesBuildPhase;
			buildActionMask = 2147483647;
			files = (
				17C18BCA2141776400C830EA /* LaunchScreen.storyboard in Resources */,
				17C18BC72141776400C830EA /* Assets.xcassets in Resources */,
				17C18BC52141776200C830EA /* Main.storyboard in Resources */,
			);
			runOnlyForDeploymentPostprocessing = 0;
		};
/* End PBXResourcesBuildPhase section */

/* Begin PBXSourcesBuildPhase section */
		17C18BB82141776200C830EA /* Sources */ = {
			isa = PBXSourcesBuildPhase;
			buildActionMask = 2147483647;
			files = (
				17C18BC22141776200C830EA /* FirstViewController.swift in Sources */,
				17C18C1D2142A19F00C830EA /* DataModel.xcdatamodeld in Sources */,
				17C18BC02141776200C830EA /* AppDelegate.swift in Sources */,
			);
			runOnlyForDeploymentPostprocessing = 0;
		};
/* End PBXSourcesBuildPhase section */

/* Begin PBXVariantGroup section */
		17C18BC32141776200C830EA /* Main.storyboard */ = {
			isa = PBXVariantGroup;
			children = (
				17C18BC42141776200C830EA /* Base */,
			);
			name = Main.storyboard;
			sourceTree = "<group>";
		};
		17C18BC82141776400C830EA /* LaunchScreen.storyboard */ = {
			isa = PBXVariantGroup;
			children = (
				17C18BC92141776400C830EA /* Base */,
			);
			name = LaunchScreen.storyboard;
			sourceTree = "<group>";
		};
/* End PBXVariantGroup section */

/* Begin XCBuildConfiguration section */
		17C18BCC2141776400C830EA /* Debug */ = {
			isa = XCBuildConfiguration;
			buildSettings = {
				ALWAYS_SEARCH_USER_PATHS = NO;
				CLANG_ANALYZER_NONNULL = YES;
				CLANG_ANALYZER_NUMBER_OBJECT_CONVERSION = YES_AGGRESSIVE;
				CLANG_CXX_LANGUAGE_STANDARD = "gnu++14";
				CLANG_CXX_LIBRARY = "libc++";
				CLANG_ENABLE_MODULES = YES;
				CLANG_ENABLE_OBJC_ARC = YES;
				CLANG_ENABLE_OBJC_WEAK = YES;
				CLANG_WARN_BLOCK_CAPTURE_AUTORELEASING = YES;
				CLANG_WARN_BOOL_CONVERSION = YES;
				CLANG_WARN_COMMA = YES;
				CLANG_WARN_CONSTANT_CONVERSION = YES;
				CLANG_WARN_DEPRECATED_OBJC_IMPLEMENTATIONS = YES;
				CLANG_WARN_DIRECT_OBJC_ISA_USAGE = YES_ERROR;
				CLANG_WARN_DOCUMENTATION_COMMENTS = YES;
				CLANG_WARN_EMPTY_BODY = YES;
				CLANG_WARN_ENUM_CONVERSION = YES;
				CLANG_WARN_INFINITE_RECURSION = YES;
				CLANG_WARN_INT_CONVERSION = YES;
				CLANG_WARN_NON_LITERAL_NULL_CONVERSION = YES;
				CLANG_WARN_OBJC_IMPLICIT_RETAIN_SELF = YES;
				CLANG_WARN_OBJC_LITERAL_CONVERSION = YES;
				CLANG_WARN_OBJC_ROOT_CLASS = YES_ERROR;
				CLANG_WARN_RANGE_LOOP_ANALYSIS = YES;
				CLANG_WARN_STRICT_PROTOTYPES = YES;
				CLANG_WARN_SUSPICIOUS_MOVE = YES;
				CLANG_WARN_UNGUARDED_AVAILABILITY = YES_AGGRESSIVE;
				CLANG_WARN_UNREACHABLE_CODE = YES;
				CLANG_WARN__DUPLICATE_METHOD_MATCH = YES;
				CODE_SIGN_IDENTITY = "iPhone Developer";
				COPY_PHASE_STRIP = NO;
				DEBUG_INFORMATION_FORMAT = dwarf;
				ENABLE_STRICT_OBJC_MSGSEND = YES;
				ENABLE_TESTABILITY = YES;
				GCC_C_LANGUAGE_STANDARD = gnu11;
				GCC_DYNAMIC_NO_PIC = NO;
				GCC_NO_COMMON_BLOCKS = YES;
				GCC_OPTIMIZATION_LEVEL = 0;
				GCC_PREPROCESSOR_DEFINITIONS = (
					"DEBUG=1",
					"$(inherited)",
				);
				GCC_WARN_64_TO_32_BIT_CONVERSION = YES;
				GCC_WARN_ABOUT_RETURN_TYPE = YES_ERROR;
				GCC_WARN_UNDECLARED_SELECTOR = YES;
				GCC_WARN_UNINITIALIZED_AUTOS = YES_AGGRESSIVE;
				GCC_WARN_UNUSED_FUNCTION = YES;
				GCC_WARN_UNUSED_VARIABLE = YES;
				IPHONEOS_DEPLOYMENT_TARGET = 11.4;
				MTL_ENABLE_DEBUG_INFO = YES;
				ONLY_ACTIVE_ARCH = YES;
				SDKROOT = iphoneos;
				SWIFT_ACTIVE_COMPILATION_CONDITIONS = DEBUG;
				SWIFT_OPTIMIZATION_LEVEL = "-Onone";
			};
			name = Debug;
		};
		17C18BCD2141776400C830EA /* Release */ = {
			isa = XCBuildConfiguration;
			buildSettings = {
				ALWAYS_SEARCH_USER_PATHS = NO;
				CLANG_ANALYZER_NONNULL = YES;
				CLANG_ANALYZER_NUMBER_OBJECT_CONVERSION = YES_AGGRESSIVE;
				CLANG_CXX_LANGUAGE_STANDARD = "gnu++14";
				CLANG_CXX_LIBRARY = "libc++";
				CLANG_ENABLE_MODULES = YES;
				CLANG_ENABLE_OBJC_ARC = YES;
				CLANG_ENABLE_OBJC_WEAK = YES;
				CLANG_WARN_BLOCK_CAPTURE_AUTORELEASING = YES;
				CLANG_WARN_BOOL_CONVERSION = YES;
				CLANG_WARN_COMMA = YES;
				CLANG_WARN_CONSTANT_CONVERSION = YES;
				CLANG_WARN_DEPRECATED_OBJC_IMPLEMENTATIONS = YES;
				CLANG_WARN_DIRECT_OBJC_ISA_USAGE = YES_ERROR;
				CLANG_WARN_DOCUMENTATION_COMMENTS = YES;
				CLANG_WARN_EMPTY_BODY = YES;
				CLANG_WARN_ENUM_CONVERSION = YES;
				CLANG_WARN_INFINITE_RECURSION = YES;
				CLANG_WARN_INT_CONVERSION = YES;
				CLANG_WARN_NON_LITERAL_NULL_CONVERSION = YES;
				CLANG_WARN_OBJC_IMPLICIT_RETAIN_SELF = YES;
				CLANG_WARN_OBJC_LITERAL_CONVERSION = YES;
				CLANG_WARN_OBJC_ROOT_CLASS = YES_ERROR;
				CLANG_WARN_RANGE_LOOP_ANALYSIS = YES;
				CLANG_WARN_STRICT_PROTOTYPES = YES;
				CLANG_WARN_SUSPICIOUS_MOVE = YES;
				CLANG_WARN_UNGUARDED_AVAILABILITY = YES_AGGRESSIVE;
				CLANG_WARN_UNREACHABLE_CODE = YES;
				CLANG_WARN__DUPLICATE_METHOD_MATCH = YES;
				CODE_SIGN_IDENTITY = "iPhone Developer";
				COPY_PHASE_STRIP = NO;
				DEBUG_INFORMATION_FORMAT = "dwarf-with-dsym";
				ENABLE_NS_ASSERTIONS = NO;
				ENABLE_STRICT_OBJC_MSGSEND = YES;
				GCC_C_LANGUAGE_STANDARD = gnu11;
				GCC_NO_COMMON_BLOCKS = YES;
				GCC_WARN_64_TO_32_BIT_CONVERSION = YES;
				GCC_WARN_ABOUT_RETURN_TYPE = YES_ERROR;
				GCC_WARN_UNDECLARED_SELECTOR = YES;
				GCC_WARN_UNINITIALIZED_AUTOS = YES_AGGRESSIVE;
				GCC_WARN_UNUSED_FUNCTION = YES;
				GCC_WARN_UNUSED_VARIABLE = YES;
				IPHONEOS_DEPLOYMENT_TARGET = 11.4;
				MTL_ENABLE_DEBUG_INFO = NO;
				SDKROOT = iphoneos;
				SWIFT_COMPILATION_MODE = wholemodule;
				SWIFT_OPTIMIZATION_LEVEL = "-O";
				VALIDATE_PRODUCT = YES;
			};
			name = Release;
		};
		17C18BCF2141776400C830EA /* Debug */ = {
			isa = XCBuildConfiguration;
			buildSettings = {
				ASSETCATALOG_COMPILER_APPICON_NAME = AppIcon;
				CODE_SIGN_STYLE = Automatic;
				DEVELOPMENT_TEAM = YCPFBKZL7W;
				INFOPLIST_FILE = "Persist Data Techniques Todoey/Info.plist";
				LD_RUNPATH_SEARCH_PATHS = (
					"$(inherited)",
					"@executable_path/Frameworks",
				);
				PRODUCT_BUNDLE_IDENTIFIER = "com.ajinkyasonar.Persist-Data-Techniques-Todoey";
				PRODUCT_NAME = "$(TARGET_NAME)";
				SWIFT_VERSION = 4.0;
				TARGETED_DEVICE_FAMILY = "1,2";
			};
			name = Debug;
		};
		17C18BD02141776400C830EA /* Release */ = {
			isa = XCBuildConfiguration;
			buildSettings = {
				ASSETCATALOG_COMPILER_APPICON_NAME = AppIcon;
				CODE_SIGN_STYLE = Automatic;
				DEVELOPMENT_TEAM = YCPFBKZL7W;
				INFOPLIST_FILE = "Persist Data Techniques Todoey/Info.plist";
				LD_RUNPATH_SEARCH_PATHS = (
					"$(inherited)",
					"@executable_path/Frameworks",
				);
				PRODUCT_BUNDLE_IDENTIFIER = "com.ajinkyasonar.Persist-Data-Techniques-Todoey";
				PRODUCT_NAME = "$(TARGET_NAME)";
				SWIFT_VERSION = 4.0;
				TARGETED_DEVICE_FAMILY = "1,2";
			};
			name = Release;
		};
/* End XCBuildConfiguration section */

/* Begin XCConfigurationList section */
		17C18BB72141776200C830EA /* Build configuration list for PBXProject "Persist Data Techniques Todoey" */ = {
			isa = XCConfigurationList;
			buildConfigurations = (
				17C18BCC2141776400C830EA /* Debug */,
				17C18BCD2141776400C830EA /* Release */,
			);
			defaultConfigurationIsVisible = 0;
			defaultConfigurationName = Release;
		};
		17C18BCE2141776400C830EA /* Build configuration list for PBXNativeTarget "Persist Data Techniques Todoey" */ = {
			isa = XCConfigurationList;
			buildConfigurations = (
				17C18BCF2141776400C830EA /* Debug */,
				17C18BD02141776400C830EA /* Release */,
			);
			defaultConfigurationIsVisible = 0;
			defaultConfigurationName = Release;
		};
/* End XCConfigurationList section */

/* Begin XCVersionGroup section */
		17C18C1B2142A19F00C830EA /* DataModel.xcdatamodeld */ = {
			isa = XCVersionGroup;
			children = (
				17C18C1C2142A19F00C830EA /* DataModel.xcdatamodel */,
			);
			currentVersion = 17C18C1C2142A19F00C830EA /* DataModel.xcdatamodel */;
			path = DataModel.xcdatamodeld;
			sourceTree = "<group>";
			versionGroupType = wrapper.xcdatamodel;
		};
/* End XCVersionGroup section */
	};
	rootObject = 17C18BB42141776200C830EA /* Project object */;
}
